{
    "_meta": {
        "hash": {
            "sha256": "104bf0c13ac30e9bc5bf62dc869f82a6a939786b24234ca2fcd5edfadf6bbd7f"
        },
        "pipfile-spec": 6,
        "requires": {
            "python_version": "3.10"
        },
        "sources": [
            {
                "name": "pypi",
                "url": "https://pypi.org/simple",
                "verify_ssl": true
            }
        ]
    },
    "default": {
        "numpy": {
            "hashes": [
                "sha256:05faa4ecb98d7bc593afc5b10c25f0e7dd65244b653756b083c605fbf60b9b67",
                "sha256:06d8827c6fa511b61047376efc3a677d447193bf88e6bbde35b4e5223a4b58d6",
                "sha256:07fef63a5113969d7897589928870c57dd3e28671d617f688486f12c3a3b466a",
                "sha256:15605b92bf10b10e110a9c0f1c4ef6cd58246532c62a0c3d3188c05e69cdcdb6",
                "sha256:1802199d70d9f8ac11eb63a1ef50d33915b78a84bacacaadb2896175005103d4",
                "sha256:20edfad312395d1cb8ad6ca5d2c42d2dab057f5d1920af3f94c7a72103335d8a",
                "sha256:244c2c22f776e168e1060112f87717d73df2462e0eba4095a7673fe87db49b7a",
                "sha256:36acf6043b94a0e8af75d0a1931678d20e673b83fd79798c805ebc995e233cff",
                "sha256:3950be11c03d250ea780280ce37a6fe7bd21dafcb478e08190c72b6c58ed7d18",
                "sha256:427bd9c45777e8baf782b6b33ebc26a88716c2d9b76b0474987660c2c066dca0",
                "sha256:5283759f0dd905f9e62ed55775345fbb233a53146ceaf2f75e96d939f564ee79",
                "sha256:6f00858573e2316ac5d190cf81dc178d94579969f827ac34c7a53110428e6f72",
                "sha256:730112e692c165e8ad69071c70653522ee19d8c8af2da839339de01013eeef24",
                "sha256:743c30cda228f8be9fe552453870b412b38ac232972c617a0f18765dedf395a5",
                "sha256:79134b92e1fb86915369753b3e64a359416cd98ea2329d270eb4e1d0ab300c0d",
                "sha256:8046f5c23769791be8432a592b9881984e0e4abc7f552c7e5c349420a27323e7",
                "sha256:8d149b3c3062dc68e29bdb244edc30c5d80e2c654b5c27c32773bf7354452b48",
                "sha256:960b0d980adfa5c37fea89fc556bb482f9d957a3188be46d03a00fa1bd8f617b",
                "sha256:a8d6f78be3ad0bd9b4adecba2fda570ef491ae69f8c7cc84acd382802a81e242",
                "sha256:aa9c4a2f65d669e6559123154da944ad6bd7605cbba5cce81bf6794617870510",
                "sha256:aea88e02d9335052172f4d6c8163721c3edd086ea3bf3bc9b6d5c55661540f1b",
                "sha256:cab1335b70e24e88ef2b9f727b9f5fc6e0d31d9fe9da0213f6c28cf615b65db0",
                "sha256:d177fbd4d22248640d73f07c3aac2cc1f79c412f61564452abd08606ee5e3713",
                "sha256:d601180710004799acb8f80e564b84e71490fac9d84e115e2f5b0f6709754f16",
                "sha256:e44fd1bdfa50979ddec76318e21abc82ee3858e5f45dfc5153b6f660d9d29851",
                "sha256:f1f5fa912df64dd48ec55352b72f4b036ab7b3911e996703f436e17baca780f9",
                "sha256:f54788f1a6941cb1b57bcf5ff09a281e5db75bbf9f2ac9534a626128ded0244f"
            ],
            "index": "pypi",
            "version": "==1.24.0rc1"
        }
    },
    "develop": {
        "black": {
            "hashes": [
                "sha256:14ff67aec0a47c424bc99b71005202045dc09270da44a27848d534600ac64fc7",
                "sha256:197df8509263b0b8614e1df1756b1dd41be6738eed2ba9e9769f3880c2b9d7b6",
                "sha256:1e464456d24e23d11fced2bc8c47ef66d471f845c7b7a42f3bd77bf3d1789650",
                "sha256:2039230db3c6c639bd84efe3292ec7b06e9214a2992cd9beb293d639c6402edb",
                "sha256:21199526696b8f09c3997e2b4db8d0b108d801a348414264d2eb8eb2532e540d",
                "sha256:2644b5d63633702bc2c5f3754b1b475378fbbfb481f62319388235d0cd104c2d",
                "sha256:432247333090c8c5366e69627ccb363bc58514ae3e63f7fc75c54b1ea80fa7de",
                "sha256:444ebfb4e441254e87bad00c661fe32df9969b2bf224373a448d8aca2132b395",
                "sha256:5b9b29da4f564ba8787c119f37d174f2b69cdfdf9015b7d8c5c16121ddc054ae",
                "sha256:5cc42ca67989e9c3cf859e84c2bf014f6633db63d1cbdf8fdb666dcd9e77e3fa",
                "sha256:5d8f74030e67087b219b032aa33a919fae8806d49c867846bfacde57f43972ef",
                "sha256:72ef3925f30e12a184889aac03d77d031056860ccae8a1e519f6cbb742736383",
                "sha256:819dc789f4498ecc91438a7de64427c73b45035e2e3680c92e18795a839ebb66",
                "sha256:915ace4ff03fdfff953962fa672d44be269deb2eaf88499a0f8805221bc68c87",
                "sha256:9311e99228ae10023300ecac05be5a296f60d2fd10fff31cf5c1fa4ca4b1988d",
                "sha256:974308c58d057a651d182208a484ce80a26dac0caef2895836a92dd6ebd725e0",
                "sha256:b8b49776299fece66bffaafe357d929ca9451450f5466e997a7285ab0fe28e3b",
                "sha256:c957b2b4ea88587b46cf49d1dc17681c1e672864fd7af32fc1e9664d572b3458",
                "sha256:e41a86c6c650bcecc6633ee3180d80a025db041a8e2398dcc059b3afa8382cd4",
                "sha256:f513588da599943e0cde4e32cc9879e825d58720d6557062d1098c5ad80080e1",
                "sha256:fba8a281e570adafb79f7755ac8721b6cf1bbf691186a287e990c7929c7692ff"
            ],
            "index": "pypi",
            "version": "==22.10.0"
        },
        "click": {
            "hashes": [
                "sha256:7682dc8afb30297001674575ea00d1814d808d6a36af415a82bd481d37ba7b8e",
                "sha256:bb4d8133cb15a609f44e8213d9b391b0809795062913b383c62be0ee95b1db48"
            ],
            "markers": "python_version >= '3.7'",
            "version": "==8.1.3"
        },
        "mypy-extensions": {
            "hashes": [
                "sha256:090fedd75945a69ae91ce1303b5824f428daf5a028d2f6ab8a299250a846f15d",
                "sha256:2d82818f5bb3e369420cb3c4060a7970edba416647068eb4c5343488a6c604a8"
            ],
            "version": "==0.4.3"
        },
        "pathspec": {
            "hashes": [
                "sha256:88c2606f2c1e818b978540f73ecc908e13999c6c3a383daf3705652ae79807a5",
                "sha256:8f6bf73e5758fd365ef5d58ce09ac7c27d2833a8d7da51712eac6e27e35141b0"
            ],
            "markers": "python_version >= '3.7'",
            "version": "==0.10.2"
        },
        "platformdirs": {
            "hashes": [
                "sha256:1006647646d80f16130f052404c6b901e80ee4ed6bef6792e1f238a8969106f7",
                "sha256:af0276409f9a02373d540bf8480021a048711d572745aef4b7842dad245eba10"
            ],
            "markers": "python_version >= '3.7'",
            "version": "==2.5.4"
        },
        "tomli": {
            "hashes": [
                "sha256:939de3e7a6161af0c887ef91b7d41a53e7c5a1ca976325f429cb46ea9bc30ecc",
                "sha256:de526c12914f0c550d15924c62d72abc48d6fe7364aa87328337a31007fe8a4f"
            ],
            "markers": "python_full_version < '3.11.0a7'",
            "version": "==2.0.1"
        }
    }
}
