{
    "_meta": {
        "hash": {
            "sha256": "597d004ebfcb1ccb4d08d661bf70c9e5f5404bc7e30e2cbb3aeb2608959b510d"
        },
        "pipfile-spec": 6,
        "requires": {
            "python_version": "3.10"
        },
        "sources": [
            {
                "name": "pypi",
                "url": "https://pypi.org/simple",
                "verify_ssl": true
            }
        ]
    },
    "default": {
        "anytree": {
            "hashes": [
                "sha256:14c55ac77492b11532395049a03b773d14c7e30b22aa012e337b1e983de31521",
                "sha256:3f0f93f355a91bc3e6245319bf4c1d50e3416cc7a35cc1133c1ff38306bbccab"
            ],
            "index": "pypi",
            "version": "==2.8.0"
        },
        "numpy": {
            "hashes": [
                "sha256:0704c94f89bf8d5d4f5722b305a29cbb1ad91c7f3dcdcda61cb80d6e5443365b",
                "sha256:07c0f3b174970054c613c33e90627fbafbc5d9115adf8829658b833278e7017c",
                "sha256:0983fb5b475406cd6aa2f4f364768fb388e1211fd94fb496ad49e214d5c79792",
                "sha256:0a5c85f625751b77a6f613db2de5f62514024a7ea6d3be534421746e094b2121",
                "sha256:146d7e5ee04433ce8eb504d0dcffff524a5ba759bd1fb9c73189c3436b04d59c",
                "sha256:1651a59e5d8dbb09b84254e358aa2fe10431df5a92ddefb1ac20208c75bd2fa2",
                "sha256:1d6198ee7eb45e5d9cc8a5c9102b734f0c5683c0e440ae7cfad90ad8cb9316d2",
                "sha256:50346a0d81444f420518c7d6996524d7e559cdfa2e41886381442f012593590e",
                "sha256:5db5f7a8f150614684c34449010c15b61df8d8e5fc0cd79ce30e82f493598599",
                "sha256:6f34b8f2996ebad781cd878276e03d247f0129640fb0ae76bb16addc4df822d1",
                "sha256:748285bca9fb0f06a16034d4b9c6dce77997d2ccddf769aaeb4760fea4752ea2",
                "sha256:8bc069b085289f3b7a578519504962330fab91459a847195b914f69b9170b75c",
                "sha256:925d39290878d680eb8dd690f969faa0a4956b7bd77daf3573486eb39d8e5724",
                "sha256:a2495e48db12f546e4e3f9ea1f665390828098344bf63bca50309a68d713d302",
                "sha256:a68647adc9945eac88f4fce96195177c2a81577baa448c1c1bbd5751c550e8b5",
                "sha256:ab18e29ad73ce560747de10ebe75f145be3026b7480e76d7a5314c2bef0fc831",
                "sha256:b45bdcde72ce02a92ae183ef211bcf7f04e15d5e3df6714866de66d8ec8cc822",
                "sha256:b4eca15593bec5ef3e2e05c157ff1be3990d04a862f49fd46b4e527ff390b778",
                "sha256:b6e807f59c1f71e74603a2a88b0b997d7f43e002f6e5f7f55649c6e07738f1ad",
                "sha256:bdd44d3133c800792f2beda0e24f86b3ae06a8a31172395c650d13e4c05d1d5b",
                "sha256:c943c61fa708a6225e199aff755b2c3f5a353a2bbb726e10334a05b8e1fc030b",
                "sha256:c9ff51e627e7584eb7ee09f6fe494862e45f796e53b5ee7267d3d5633a79dac6",
                "sha256:dce26877ad77c9722e35c9ca82e9272cb6d10aa0a4f95e633b13511dcf549b5f",
                "sha256:df9a9c28ad95c87b4047e1acd45715eb430fb5f6df39556279b3f36ce75c697b",
                "sha256:e30689dd418f2db3d2d3039cb08011047d27708fdc24c592d56fa58aaeb01672",
                "sha256:e4909946cf43ff713f95780d483793d8fb23c1559686a8221e91f89e5ecceea0",
                "sha256:e948367a0b9aa68a081c4cf817751c6d0d589a37ce6bb40fea39a882b4858834",
                "sha256:ea9ca0989fdd42d3320a94f540f317fb615be9ceab75a07078a84b9933582da5"
            ],
            "index": "pypi",
            "version": "==1.24.0rc2"
        },
        "six": {
            "hashes": [
                "sha256:1e61c37477a1626458e36f7b1d82aa5c9b094fa4802892072e49de9c60c4c926",
                "sha256:8abb2f1d86890a2dfb989f9a77cfcfd3e47c2a354b01111771326f8aa26e0254"
            ],
            "markers": "python_version >= '2.7' and python_version not in '3.0, 3.1, 3.2, 3.3'",
            "version": "==1.16.0"
        }
    },
    "develop": {
        "black": {
            "hashes": [
                "sha256:14ff67aec0a47c424bc99b71005202045dc09270da44a27848d534600ac64fc7",
                "sha256:197df8509263b0b8614e1df1756b1dd41be6738eed2ba9e9769f3880c2b9d7b6",
                "sha256:1e464456d24e23d11fced2bc8c47ef66d471f845c7b7a42f3bd77bf3d1789650",
                "sha256:2039230db3c6c639bd84efe3292ec7b06e9214a2992cd9beb293d639c6402edb",
                "sha256:21199526696b8f09c3997e2b4db8d0b108d801a348414264d2eb8eb2532e540d",
                "sha256:2644b5d63633702bc2c5f3754b1b475378fbbfb481f62319388235d0cd104c2d",
                "sha256:432247333090c8c5366e69627ccb363bc58514ae3e63f7fc75c54b1ea80fa7de",
                "sha256:444ebfb4e441254e87bad00c661fe32df9969b2bf224373a448d8aca2132b395",
                "sha256:5b9b29da4f564ba8787c119f37d174f2b69cdfdf9015b7d8c5c16121ddc054ae",
                "sha256:5cc42ca67989e9c3cf859e84c2bf014f6633db63d1cbdf8fdb666dcd9e77e3fa",
                "sha256:5d8f74030e67087b219b032aa33a919fae8806d49c867846bfacde57f43972ef",
                "sha256:72ef3925f30e12a184889aac03d77d031056860ccae8a1e519f6cbb742736383",
                "sha256:819dc789f4498ecc91438a7de64427c73b45035e2e3680c92e18795a839ebb66",
                "sha256:915ace4ff03fdfff953962fa672d44be269deb2eaf88499a0f8805221bc68c87",
                "sha256:9311e99228ae10023300ecac05be5a296f60d2fd10fff31cf5c1fa4ca4b1988d",
                "sha256:974308c58d057a651d182208a484ce80a26dac0caef2895836a92dd6ebd725e0",
                "sha256:b8b49776299fece66bffaafe357d929ca9451450f5466e997a7285ab0fe28e3b",
                "sha256:c957b2b4ea88587b46cf49d1dc17681c1e672864fd7af32fc1e9664d572b3458",
                "sha256:e41a86c6c650bcecc6633ee3180d80a025db041a8e2398dcc059b3afa8382cd4",
                "sha256:f513588da599943e0cde4e32cc9879e825d58720d6557062d1098c5ad80080e1",
                "sha256:fba8a281e570adafb79f7755ac8721b6cf1bbf691186a287e990c7929c7692ff"
            ],
            "index": "pypi",
            "version": "==22.10.0"
        },
        "click": {
            "hashes": [
                "sha256:7682dc8afb30297001674575ea00d1814d808d6a36af415a82bd481d37ba7b8e",
                "sha256:bb4d8133cb15a609f44e8213d9b391b0809795062913b383c62be0ee95b1db48"
            ],
            "markers": "python_version >= '3.7'",
            "version": "==8.1.3"
        },
        "mypy-extensions": {
            "hashes": [
                "sha256:090fedd75945a69ae91ce1303b5824f428daf5a028d2f6ab8a299250a846f15d",
                "sha256:2d82818f5bb3e369420cb3c4060a7970edba416647068eb4c5343488a6c604a8"
            ],
            "version": "==0.4.3"
        },
        "pathspec": {
            "hashes": [
                "sha256:88c2606f2c1e818b978540f73ecc908e13999c6c3a383daf3705652ae79807a5",
                "sha256:8f6bf73e5758fd365ef5d58ce09ac7c27d2833a8d7da51712eac6e27e35141b0"
            ],
            "markers": "python_version >= '3.7'",
            "version": "==0.10.2"
        },
        "platformdirs": {
            "hashes": [
                "sha256:1a89a12377800c81983db6be069ec068eee989748799b946cce2a6e80dcc54ca",
                "sha256:b46ffafa316e6b83b47489d240ce17173f123a9b9c83282141c3daf26ad9ac2e"
            ],
            "markers": "python_version >= '3.7'",
            "version": "==2.6.0"
        },
        "tomli": {
            "hashes": [
                "sha256:939de3e7a6161af0c887ef91b7d41a53e7c5a1ca976325f429cb46ea9bc30ecc",
                "sha256:de526c12914f0c550d15924c62d72abc48d6fe7364aa87328337a31007fe8a4f"
            ],
            "markers": "python_full_version < '3.11.0a7'",
            "version": "==2.0.1"
        }
    }
}
